// !$*UTF8*$!
{
	archiveVersion = 1;
	classes = {
	};
	objectVersion = 55;
	objects = {

/* Begin PBXBuildFile section */
		B351FF85281AE5DB00405F31 /* iOSImageCropperSwiftUIApp.swift in Sources */ = {isa = PBXBuildFile; fileRef = B351FF84281AE5DB00405F31 /* iOSImageCropperSwiftUIApp.swift */; };
		B351FF87281AE5DB00405F31 /* ContentView.swift in Sources */ = {isa = PBXBuildFile; fileRef = B351FF86281AE5DB00405F31 /* ContentView.swift */; };
		B351FF93281AE6E400405F31 /* CameraPicker.swift in Sources */ = {isa = PBXBuildFile; fileRef = B351FF92281AE6E400405F31 /* CameraPicker.swift */; };
		B351FF96281AE7C300405F31 /* ImagePicker.swift in Sources */ = {isa = PBXBuildFile; fileRef = B351FF95281AE7C300405F31 /* ImagePicker.swift */; };
		B351FF99281AE9F100405F31 /* BackgroundImageMoveAndScale.swift in Sources */ = {isa = PBXBuildFile; fileRef = B351FF98281AE9F100405F31 /* BackgroundImageMoveAndScale.swift */; };
		B351FF9B281AEA8C00405F31 /* AvatarImageMoveAndScale.swift in Sources */ = {isa = PBXBuildFile; fileRef = B351FF9A281AEA8C00405F31 /* AvatarImageMoveAndScale.swift */; };
		B351FF9D281AEB4200405F31 /* ImageCropper.swift in Sources */ = {isa = PBXBuildFile; fileRef = B351FF9C281AEB4200405F31 /* ImageCropper.swift */; };
/* End PBXBuildFile section */

/* Begin PBXFileReference section */
		B351FF81281AE5DB00405F31 /* iOSImageCropperSwiftUI.app */ = {isa = PBXFileReference; explicitFileType = wrapper.application; includeInIndex = 0; path = iOSImageCropperSwiftUI.app; sourceTree = BUILT_PRODUCTS_DIR; };
		B351FF84281AE5DB00405F31 /* iOSImageCropperSwiftUIApp.swift */ = {isa = PBXFileReference; lastKnownFileType = sourcecode.swift; path = iOSImageCropperSwiftUIApp.swift; sourceTree = "<group>"; };
		B351FF86281AE5DB00405F31 /* ContentView.swift */ = {isa = PBXFileReference; lastKnownFileType = sourcecode.swift; path = ContentView.swift; sourceTree = "<group>"; };
		B351FF92281AE6E400405F31 /* CameraPicker.swift */ = {isa = PBXFileReference; lastKnownFileType = sourcecode.swift; path = CameraPicker.swift; sourceTree = "<group>"; };
		B351FF95281AE7C300405F31 /* ImagePicker.swift */ = {isa = PBXFileReference; lastKnownFileType = sourcecode.swift; path = ImagePicker.swift; sourceTree = "<group>"; };
		B351FF98281AE9F100405F31 /* BackgroundImageMoveAndScale.swift */ = {isa = PBXFileReference; lastKnownFileType = sourcecode.swift; path = BackgroundImageMoveAndScale.swift; sourceTree = "<group>"; };
		B351FF9A281AEA8C00405F31 /* AvatarImageMoveAndScale.swift */ = {isa = PBXFileReference; lastKnownFileType = sourcecode.swift; path = AvatarImageMoveAndScale.swift; sourceTree = "<group>"; };
		B351FF9C281AEB4200405F31 /* ImageCropper.swift */ = {isa = PBXFileReference; lastKnownFileType = sourcecode.swift; path = ImageCropper.swift; sourceTree = "<group>"; };
/* End PBXFileReference section */

/* Begin PBXFrameworksBuildPhase section */
		B351FF7E281AE5DB00405F31 /* Frameworks */ = {
			isa = PBXFrameworksBuildPhase;
			buildActionMask = 2147483647;
			files = (
			);
			runOnlyForDeploymentPostprocessing = 0;
		};
/* End PBXFrameworksBuildPhase section */

/* Begin PBXGroup section */
		B351FF78281AE5DB00405F31 = {
			isa = PBXGroup;
			children = (
				B351FF83281AE5DB00405F31 /* iOSImageCropperSwiftUI */,
				B351FF82281AE5DB00405F31 /* Products */,
			);
			sourceTree = "<group>";
		};
		B351FF82281AE5DB00405F31 /* Products */ = {
			isa = PBXGroup;
			children = (
				B351FF81281AE5DB00405F31 /* iOSImageCropperSwiftUI.app */,
			);
			name = Products;
			sourceTree = "<group>";
		};
		B351FF83281AE5DB00405F31 /* iOSImageCropperSwiftUI */ = {
			isa = PBXGroup;
			children = (
				B351FF84281AE5DB00405F31 /* iOSImageCropperSwiftUIApp.swift */,
				B351FF86281AE5DB00405F31 /* ContentView.swift */,
				B351FF9C281AEB4200405F31 /* ImageCropper.swift */,
				B351FF97281AE9B200405F31 /* MoveAndScaleViews */,
				B351FF94281AE76400405F31 /* ImagePickersViews */,
			);
			path = iOSImageCropperSwiftUI;
			sourceTree = "<group>";
		};
		B351FF94281AE76400405F31 /* ImagePickersViews */ = {
			isa = PBXGroup;
			children = (
				B351FF95281AE7C300405F31 /* ImagePicker.swift */,
				B351FF92281AE6E400405F31 /* CameraPicker.swift */,
			);
			path = ImagePickersViews;
			sourceTree = "<group>";
		};
		B351FF97281AE9B200405F31 /* MoveAndScaleViews */ = {
			isa = PBXGroup;
			children = (
				B351FF98281AE9F100405F31 /* BackgroundImageMoveAndScale.swift */,
				B351FF9A281AEA8C00405F31 /* AvatarImageMoveAndScale.swift */,
			);
			path = MoveAndScaleViews;
			sourceTree = "<group>";
		};
/* End PBXGroup section */

/* Begin PBXNativeTarget section */
		B351FF80281AE5DB00405F31 /* iOSImageCropperSwiftUI */ = {
			isa = PBXNativeTarget;
			buildConfigurationList = B351FF8F281AE5DC00405F31 /* Build configuration list for PBXNativeTarget "iOSImageCropperSwiftUI" */;
			buildPhases = (
				B351FF7D281AE5DB00405F31 /* Sources */,
				B351FF7E281AE5DB00405F31 /* Frameworks */,
				B351FF7F281AE5DB00405F31 /* Resources */,
			);
			buildRules = (
			);
			dependencies = (
			);
			name = iOSImageCropperSwiftUI;
			productName = iOSImageCropperSwiftUI;
			productReference = B351FF81281AE5DB00405F31 /* iOSImageCropperSwiftUI.app */;
			productType = "com.apple.product-type.application";
		};
/* End PBXNativeTarget section */

/* Begin PBXProject section */
		B351FF79281AE5DB00405F31 /* Project object */ = {
			isa = PBXProject;
			attributes = {
				BuildIndependentTargetsInParallel = 1;
				LastSwiftUpdateCheck = 1330;
				LastUpgradeCheck = 1330;
				TargetAttributes = {
					B351FF80281AE5DB00405F31 = {
						CreatedOnToolsVersion = 13.3.1;
					};
				};
			};
			buildConfigurationList = B351FF7C281AE5DB00405F31 /* Build configuration list for PBXProject "iOSImageCropperSwiftUI" */;
			compatibilityVersion = "Xcode 13.0";
			developmentRegion = en;
			hasScannedForEncodings = 0;
			knownRegions = (
				en,
				Base,
			);
			mainGroup = B351FF78281AE5DB00405F31;
			productRefGroup = B351FF82281AE5DB00405F31 /* Products */;
			projectDirPath = "";
			projectRoot = "";
			targets = (
				B351FF80281AE5DB00405F31 /* iOSImageCropperSwiftUI */,
			);
		};
/* End PBXProject section */

/* Begin PBXResourcesBuildPhase section */
		B351FF7F281AE5DB00405F31 /* Resources */ = {
			isa = PBXResourcesBuildPhase;
			buildActionMask = 2147483647;
			files = (
			);
			runOnlyForDeploymentPostprocessing = 0;
		};
/* End PBXResourcesBuildPhase section */

/* Begin PBXSourcesBuildPhase section */
		B351FF7D281AE5DB00405F31 /* Sources */ = {
			isa = PBXSourcesBuildPhase;
			buildActionMask = 2147483647;
			files = (
				B351FF99281AE9F100405F31 /* BackgroundImageMoveAndScale.swift in Sources */,
				B351FF87281AE5DB00405F31 /* ContentView.swift in Sources */,
				B351FF96281AE7C300405F31 /* ImagePicker.swift in Sources */,
				B351FF93281AE6E400405F31 /* CameraPicker.swift in Sources */,
				B351FF9B281AEA8C00405F31 /* AvatarImageMoveAndScale.swift in Sources */,
				B351FF9D281AEB4200405F31 /* ImageCropper.swift in Sources */,
				B351FF85281AE5DB00405F31 /* iOSImageCropperSwiftUIApp.swift in Sources */,
			);
			runOnlyForDeploymentPostprocessing = 0;
		};
/* End PBXSourcesBuildPhase section */

/* Begin XCBuildConfiguration section */
		B351FF8D281AE5DC00405F31 /* Debug */ = {
			isa = XCBuildConfiguration;
			buildSettings = {
				ALWAYS_SEARCH_USER_PATHS = NO;
				CLANG_ANALYZER_NONNULL = YES;
				CLANG_ANALYZER_NUMBER_OBJECT_CONVERSION = YES_AGGRESSIVE;
				CLANG_CXX_LANGUAGE_STANDARD = "gnu++17";
				CLANG_ENABLE_MODULES = YES;
				CLANG_ENABLE_OBJC_ARC = YES;
				CLANG_ENABLE_OBJC_WEAK = YES;
				CLANG_WARN_BLOCK_CAPTURE_AUTORELEASING = YES;
				CLANG_WARN_BOOL_CONVERSION = YES;
				CLANG_WARN_COMMA = YES;
				CLANG_WARN_CONSTANT_CONVERSION = YES;
				CLANG_WARN_DEPRECATED_OBJC_IMPLEMENTATIONS = YES;
				CLANG_WARN_DIRECT_OBJC_ISA_USAGE = YES_ERROR;
				CLANG_WARN_DOCUMENTATION_COMMENTS = YES;
				CLANG_WARN_EMPTY_BODY = YES;
				CLANG_WARN_ENUM_CONVERSION = YES;
				CLANG_WARN_INFINITE_RECURSION = YES;
				CLANG_WARN_INT_CONVERSION = YES;
				CLANG_WARN_NON_LITERAL_NULL_CONVERSION = YES;
				CLANG_WARN_OBJC_IMPLICIT_RETAIN_SELF = YES;
				CLANG_WARN_OBJC_LITERAL_CONVERSION = YES;
				CLANG_WARN_OBJC_ROOT_CLASS = YES_ERROR;
				CLANG_WARN_QUOTED_INCLUDE_IN_FRAMEWORK_HEADER = YES;
				CLANG_WARN_RANGE_LOOP_ANALYSIS = YES;
				CLANG_WARN_STRICT_PROTOTYPES = YES;
				CLANG_WARN_SUSPICIOUS_MOVE = YES;
				CLANG_WARN_UNGUARDED_AVAILABILITY = YES_AGGRESSIVE;
				CLANG_WARN_UNREACHABLE_CODE = YES;
				CLANG_WARN__DUPLICATE_METHOD_MATCH = YES;
				COPY_PHASE_STRIP = NO;
				DEBUG_INFORMATION_FORMAT = dwarf;
				ENABLE_STRICT_OBJC_MSGSEND = YES;
				ENABLE_TESTABILITY = YES;
				GCC_C_LANGUAGE_STANDARD = gnu11;
				GCC_DYNAMIC_NO_PIC = NO;
				GCC_NO_COMMON_BLOCKS = YES;
				GCC_OPTIMIZATION_LEVEL = 0;
				GCC_PREPROCESSOR_DEFINITIONS = (
					"DEBUG=1",
					"$(inherited)",
				);
				GCC_WARN_64_TO_32_BIT_CONVERSION = YES;
				GCC_WARN_ABOUT_RETURN_TYPE = YES_ERROR;
				GCC_WARN_UNDECLARED_SELECTOR = YES;
				GCC_WARN_UNINITIALIZED_AUTOS = YES_AGGRESSIVE;
				GCC_WARN_UNUSED_FUNCTION = YES;
				GCC_WARN_UNUSED_VARIABLE = YES;
				IPHONEOS_DEPLOYMENT_TARGET = 15.4;
				MTL_ENABLE_DEBUG_INFO = INCLUDE_SOURCE;
				MTL_FAST_MATH = YES;
				ONLY_ACTIVE_ARCH = YES;
				SDKROOT = iphoneos;
				SWIFT_ACTIVE_COMPILATION_CONDITIONS = DEBUG;
				SWIFT_OPTIMIZATION_LEVEL = "-Onone";
			};
			name = Debug;
		};
		B351FF8E281AE5DC00405F31 /* Release */ = {
			isa = XCBuildConfiguration;
			buildSettings = {
				ALWAYS_SEARCH_USER_PATHS = NO;
				CLANG_ANALYZER_NONNULL = YES;
				CLANG_ANALYZER_NUMBER_OBJECT_CONVERSION = YES_AGGRESSIVE;
				CLANG_CXX_LANGUAGE_STANDARD = "gnu++17";
				CLANG_ENABLE_MODULES = YES;
				CLANG_ENABLE_OBJC_ARC = YES;
				CLANG_ENABLE_OBJC_WEAK = YES;
				CLANG_WARN_BLOCK_CAPTURE_AUTORELEASING = YES;
				CLANG_WARN_BOOL_CONVERSION = YES;
				CLANG_WARN_COMMA = YES;
				CLANG_WARN_CONSTANT_CONVERSION = YES;
				CLANG_WARN_DEPRECATED_OBJC_IMPLEMENTATIONS = YES;
				CLANG_WARN_DIRECT_OBJC_ISA_USAGE = YES_ERROR;
				CLANG_WARN_DOCUMENTATION_COMMENTS = YES;
				CLANG_WARN_EMPTY_BODY = YES;
				CLANG_WARN_ENUM_CONVERSION = YES;
				CLANG_WARN_INFINITE_RECURSION = YES;
				CLANG_WARN_INT_CONVERSION = YES;
				CLANG_WARN_NON_LITERAL_NULL_CONVERSION = YES;
				CLANG_WARN_OBJC_IMPLICIT_RETAIN_SELF = YES;
				CLANG_WARN_OBJC_LITERAL_CONVERSION = YES;
				CLANG_WARN_OBJC_ROOT_CLASS = YES_ERROR;
				CLANG_WARN_QUOTED_INCLUDE_IN_FRAMEWORK_HEADER = YES;
				CLANG_WARN_RANGE_LOOP_ANALYSIS = YES;
				CLANG_WARN_STRICT_PROTOTYPES = YES;
				CLANG_WARN_SUSPICIOUS_MOVE = YES;
				CLANG_WARN_UNGUARDED_AVAILABILITY = YES_AGGRESSIVE;
				CLANG_WARN_UNREACHABLE_CODE = YES;
				CLANG_WARN__DUPLICATE_METHOD_MATCH = YES;
				COPY_PHASE_STRIP = NO;
				DEBUG_INFORMATION_FORMAT = "dwarf-with-dsym";
				ENABLE_NS_ASSERTIONS = NO;
				ENABLE_STRICT_OBJC_MSGSEND = YES;
				GCC_C_LANGUAGE_STANDARD = gnu11;
				GCC_NO_COMMON_BLOCKS = YES;
				GCC_WARN_64_TO_32_BIT_CONVERSION = YES;
				GCC_WARN_ABOUT_RETURN_TYPE = YES_ERROR;
				GCC_WARN_UNDECLARED_SELECTOR = YES;
				GCC_WARN_UNINITIALIZED_AUTOS = YES_AGGRESSIVE;
				GCC_WARN_UNUSED_FUNCTION = YES;
				GCC_WARN_UNUSED_VARIABLE = YES;
				IPHONEOS_DEPLOYMENT_TARGET = 15.4;
				MTL_ENABLE_DEBUG_INFO = NO;
				MTL_FAST_MATH = YES;
				SDKROOT = iphoneos;
				SWIFT_COMPILATION_MODE = wholemodule;
				SWIFT_OPTIMIZATION_LEVEL = "-O";
				VALIDATE_PRODUCT = YES;
			};
			name = Release;
		};
		B351FF90281AE5DC00405F31 /* Debug */ = {
			isa = XCBuildConfiguration;
			buildSettings = {
				ASSETCATALOG_COMPILER_APPICON_NAME = AppIcon;
				ASSETCATALOG_COMPILER_GLOBAL_ACCENT_COLOR_NAME = AccentColor;
				CODE_SIGN_STYLE = Automatic;
				CURRENT_PROJECT_VERSION = 1;
				DEVELOPMENT_ASSET_PATHS = "\"iOSImageCropperSwiftUI/Preview Content\"";
				ENABLE_PREVIEWS = YES;
				GENERATE_INFOPLIST_FILE = YES;
				INFOPLIST_KEY_UIApplicationSceneManifest_Generation = YES;
				INFOPLIST_KEY_UIApplicationSupportsIndirectInputEvents = YES;
				INFOPLIST_KEY_UILaunchScreen_Generation = YES;
				INFOPLIST_KEY_UISupportedInterfaceOrientations_iPad = "UIInterfaceOrientationPortrait UIInterfaceOrientationPortraitUpsideDown UIInterfaceOrientationLandscapeLeft UIInterfaceOrientationLandscapeRight";
				INFOPLIST_KEY_UISupportedInterfaceOrientations_iPhone = "UIInterfaceOrientationPortrait UIInterfaceOrientationLandscapeLeft UIInterfaceOrientationLandscapeRight";
				LD_RUNPATH_SEARCH_PATHS = (
					"$(inherited)",
					"@executable_path/Frameworks",
				);
				MARKETING_VERSION = 1.0;
				PRODUCT_BUNDLE_IDENTIFIER = TM2D.iOSImageCropperSwiftUI;
				PRODUCT_NAME = "$(TARGET_NAME)";
				SWIFT_EMIT_LOC_STRINGS = YES;
				SWIFT_VERSION = 5.0;
				TARGETED_DEVICE_FAMILY = "1,2";
			};
			name = Debug;
		};
		B351FF91281AE5DC00405F31 /* Release */ = {
			isa = XCBuildConfiguration;
			buildSettings = {
				ASSETCATALOG_COMPILER_APPICON_NAME = AppIcon;
				ASSETCATALOG_COMPILER_GLOBAL_ACCENT_COLOR_NAME = AccentColor;
				CODE_SIGN_STYLE = Automatic;
				CURRENT_PROJECT_VERSION = 1;
				DEVELOPMENT_ASSET_PATHS = "\"iOSImageCropperSwiftUI/Preview Content\"";
				ENABLE_PREVIEWS = YES;
				GENERATE_INFOPLIST_FILE = YES;
				INFOPLIST_KEY_UIApplicationSceneManifest_Generation = YES;
				INFOPLIST_KEY_UIApplicationSupportsIndirectInputEvents = YES;
				INFOPLIST_KEY_UILaunchScreen_Generation = YES;
				INFOPLIST_KEY_UISupportedInterfaceOrientations_iPad = "UIInterfaceOrientationPortrait UIInterfaceOrientationPortraitUpsideDown UIInterfaceOrientationLandscapeLeft UIInterfaceOrientationLandscapeRight";
				INFOPLIST_KEY_UISupportedInterfaceOrientations_iPhone = "UIInterfaceOrientationPortrait UIInterfaceOrientationLandscapeLeft UIInterfaceOrientationLandscapeRight";
				LD_RUNPATH_SEARCH_PATHS = (
					"$(inherited)",
					"@executable_path/Frameworks",
				);
				MARKETING_VERSION = 1.0;
				PRODUCT_BUNDLE_IDENTIFIER = TM2D.iOSImageCropperSwiftUI;
				PRODUCT_NAME = "$(TARGET_NAME)";
				SWIFT_EMIT_LOC_STRINGS = YES;
				SWIFT_VERSION = 5.0;
				TARGETED_DEVICE_FAMILY = "1,2";
			};
			name = Release;
		};
/* End XCBuildConfiguration section */

/* Begin XCConfigurationList section */
		B351FF7C281AE5DB00405F31 /* Build configuration list for PBXProject "iOSImageCropperSwiftUI" */ = {
			isa = XCConfigurationList;
			buildConfigurations = (
				B351FF8D281AE5DC00405F31 /* Debug */,
				B351FF8E281AE5DC00405F31 /* Release */,
			);
			defaultConfigurationIsVisible = 0;
			defaultConfigurationName = Release;
		};
		B351FF8F281AE5DC00405F31 /* Build configuration list for PBXNativeTarget "iOSImageCropperSwiftUI" */ = {
			isa = XCConfigurationList;
			buildConfigurations = (
				B351FF90281AE5DC00405F31 /* Debug */,
				B351FF91281AE5DC00405F31 /* Release */,
			);
			defaultConfigurationIsVisible = 0;
			defaultConfigurationName = Release;
		};
/* End XCConfigurationList section */
	};
	rootObject = B351FF79281AE5DB00405F31 /* Project object */;
}
